
Microsoft Visual Studio Solution File, Format Version 12.00
# Visual Studio 15
VisualStudioVersion = 15.0.27019.1
MinimumVisualStudioVersion = 10.0.40219.1
Project("{FAE04EC0-301F-11D3-BF4B-00C04F79EFBC}") = "BondGuid", "BondGuid\BondGuid.csproj", "{2FF5FC2E-5DB0-4960-A6F7-7D1673D98C01}"
EndProject
Global
	GlobalSection(SolutionConfigurationPlatforms) = preSolution
		Debug|Any CPU = Debug|Any CPU
		Release|Any CPU = Release|Any CPU
	EndGlobalSection
	GlobalSection(ProjectConfigurationPlatforms) = postSolution
		{2FF5FC2E-5DB0-4960-A6F7-7D1673D98C01}.Debug|Any CPU.ActiveCfg = Debug|Any CPU
		{2FF5FC2E-5DB0-4960-A6F7-7D1673D98C01}.Debug|Any CPU.Build.0 = Debug|Any CPU
		{2FF5FC2E-5DB0-4960-A6F7-7D1673D98C01}.Release|Any CPU.ActiveCfg = Release|Any CPU
		{2FF5FC2E-5DB0-4960-A6F7-7D1673D98C01}.Release|Any CPU.Build.0 = Release|Any CPU
	EndGlobalSection
	GlobalSection(SolutionProperties) = preSolution
		HideSolutionNode = FALSE
	EndGlobalSection
	GlobalSection(ExtensibilityGlobals) = postSolution
		SolutionGuid = {B9933EBB-463D-42EE-91BC-98BEBDBEEF4B}
	EndGlobalSection
EndGlobal
